{
    "_readme": [
        "This file locks the dependencies of your project to a known state",
        "Read more about it at https://getcomposer.org/doc/01-basic-usage.md#installing-dependencies",
        "This file is @generated automatically"
    ],
    "content-hash": "1b9d248b5a2661c4007752278f738d23",
    "packages": [
        {
            "name": "dcblogdev/pdo-wrapper",
            "version": "v2.0.1",
            "source": {
                "type": "git",
                "url": "https://github.com/dcblogdev/pdo-wrapper.git",
                "reference": "6c048b1838858d3d825b75f11b98d13b6cf43eee"
            },
            "dist": {
                "type": "zip",
                "url": "https://api.github.com/repos/dcblogdev/pdo-wrapper/zipball/6c048b1838858d3d825b75f11b98d13b6cf43eee",
                "reference": "6c048b1838858d3d825b75f11b98d13b6cf43eee",
                "shasum": ""
            },
            "require": {
                "php": ">=7.2"
            },
            "type": "library",
            "autoload": {
                "psr-4": {
                    "Dcblogdev\\PdoWrapper\\": "/src"
                }
            },
            "notification-url": "https://packagist.org/downloads/",
            "license": [
                "MIT"
            ],
            "authors": [
                {
                    "name": "David Carr",
                    "email": "dave@dcblog.dev",
                    "homepage": "https://dcblog.dev",
                    "role": "Developer"
                }
            ],
            "description": "A crud wrapper for PDO",
            "time": "2020-04-19T23:52:33+00:00"
        },
        {
            "name": "rakit/validation",
            "version": "v1.4.0",
            "source": {
                "type": "git",
                "url": "https://github.com/rakit/validation.git",
                "reference": "ff003a35cdf5030a5f2482299f4c93f344a35b29"
            },
            "dist": {
                "type": "zip",
                "url": "https://api.github.com/repos/rakit/validation/zipball/ff003a35cdf5030a5f2482299f4c93f344a35b29",
                "reference": "ff003a35cdf5030a5f2482299f4c93f344a35b29",
                "shasum": ""
            },
            "require": {
                "ext-mbstring": "*",
                "php": ">=7.0"
            },
            "require-dev": {
                "php-coveralls/php-coveralls": "^2.2",
                "phpunit/phpunit": "^6.5",
                "squizlabs/php_codesniffer": "^3"
            },
            "type": "library",
            "autoload": {
                "psr-4": {
                    "Rakit\\Validation\\": "src"
                }
            },
            "notification-url": "https://packagist.org/downloads/",
            "license": [
                "MIT"
            ],
            "authors": [
                {
                    "name": "Muhammad Syifa",
                    "email": "emsifa@gmail.com"
                }
            ],
            "description": "PHP Laravel like standalone validation library",
            "time": "2020-08-27T05:07:01+00:00"
        },
        {
            "name": "wixel/gump",
            "version": "1.12.0",
            "source": {
                "type": "git",
                "url": "git@github.com:Wixel/GUMP.git",
                "reference": "3c94b7c87922b1f9f5e48613eae94f2770bb836b"
            },
            "dist": {
                "type": "zip",
                "url": "https://api.github.com/repos/Wixel/GUMP/zipball/3c94b7c87922b1f9f5e48613eae94f2770bb836b",
                "reference": "3c94b7c87922b1f9f5e48613eae94f2770bb836b",
                "shasum": ""
            },
            "require": {
                "ext-bcmath": "*",
                "ext-iconv": "*",
                "ext-intl": "*",
                "ext-json": "*",
                "ext-mbstring": "*",
                "php": ">=7.0"
            },
            "require-dev": {
                "kamermans/docblock-reflection": "^1.0",
                "maddhatter/markdown-table": "^1.0",
                "mockery/mockery": "^1.3",
                "php-coveralls/php-coveralls": "^2.2",
                "phpunit/phpunit": "^6"
            },
            "type": "library",
            "autoload": {
                "files": [
                    "gump.class.php"
                ],
                "psr-4": {
                    "GUMP\\": "src/"
                }
            },
            "notification-url": "https://packagist.org/downloads/",
            "license": [
                "MIT"
            ],
            "authors": [
                {
                    "name": "Sean Nieuwoudt",
                    "homepage": "https://wixelhq.com"
                },
                {
                    "name": "Filis Futsarov",
                    "homepage": "https://filis.me"
                }
            ],
            "description": "A fast, extensible & stand-alone PHP input validation class that allows you to validate any data.",
            "homepage": "https://wixelhq.com/",
            "keywords": [
                "validate",
                "validation",
                "validator"
            ],
            "time": "2020-09-26T12:14:29+00:00"
        }
    ],
    "packages-dev": [],
    "aliases": [],
    "minimum-stability": "stable",
    "stability-flags": [],
    "prefer-stable": false,
    "prefer-lowest": false,
    "platform": [],
    "platform-dev": []
}
